
Microsoft Visual Studio Solution File, Format Version 12.00
# Visual Studio Version 16
VisualStudioVersion = 16.0.31205.134
MinimumVisualStudioVersion = 10.0.40219.1
Project("{FAE04EC0-301F-11D3-BF4B-00C04F79EFBC}") = "UHP.Test", "UHP.Test\UHP.Test.csproj", "{8B2DAAD7-43C9-42CB-A046-C708BA66D71B}"
EndProject
Project("{FAE04EC0-301F-11D3-BF4B-00C04F79EFBC}") = "UHP.Lib", "UHP.Lib\UHP.Lib.csproj", "{5221E539-C046-4162-8AD0-65D8C4043C71}"
EndProject
Global
	GlobalSection(SolutionConfigurationPlatforms) = preSolution
		Debug|Any CPU = Debug|Any CPU
		Release|Any CPU = Release|Any CPU
	EndGlobalSection
	GlobalSection(ProjectConfigurationPlatforms) = postSolution
		{8B2DAAD7-43C9-42CB-A046-C708BA66D71B}.Debug|Any CPU.ActiveCfg = Debug|Any CPU
		{8B2DAAD7-43C9-42CB-A046-C708BA66D71B}.Debug|Any CPU.Build.0 = Debug|Any CPU
		{8B2DAAD7-43C9-42CB-A046-C708BA66D71B}.Release|Any CPU.ActiveCfg = Release|Any CPU
		{8B2DAAD7-43C9-42CB-A046-C708BA66D71B}.Release|Any CPU.Build.0 = Release|Any CPU
		{5221E539-C046-4162-8AD0-65D8C4043C71}.Debug|Any CPU.ActiveCfg = Debug|Any CPU
		{5221E539-C046-4162-8AD0-65D8C4043C71}.Debug|Any CPU.Build.0 = Debug|Any CPU
		{5221E539-C046-4162-8AD0-65D8C4043C71}.Release|Any CPU.ActiveCfg = Release|Any CPU
		{5221E539-C046-4162-8AD0-65D8C4043C71}.Release|Any CPU.Build.0 = Release|Any CPU
	EndGlobalSection
	GlobalSection(SolutionProperties) = preSolution
		HideSolutionNode = FALSE
	EndGlobalSection
	GlobalSection(ExtensibilityGlobals) = postSolution
		SolutionGuid = {E51DF6C4-8C59-47A1-BBA8-5A83C597E1E1}
	EndGlobalSection
EndGlobal
